
Microsoft Visual Studio Solution File, Format Version 12.00
# Visual Studio Version 16
VisualStudioVersion = 16.0.30717.126
MinimumVisualStudioVersion = 10.0.40219.1
Project("{9A19103F-16F7-4668-BE54-9A1E7A4F7556}") = "MyShop.ProductManagement.Api", "MyShop.ProductManagement.Api\MyShop.ProductManagement.Api.csproj", "{0FD4E7CC-6C90-4296-9C16-A5388B75A83A}"
EndProject
Project("{9A19103F-16F7-4668-BE54-9A1E7A4F7556}") = "MyShop.ProductManagement.Api.Tests", "MyShop.ProductManagement.Api.Tests\MyShop.ProductManagement.Api.Tests.csproj", "{06517113-C4D5-4D2D-90A0-DEA987E47742}"
EndProject
Project("{9A19103F-16F7-4668-BE54-9A1E7A4F7556}") = "MyShop.ProductManagement.DbSetup", "MyShop.ProductManagement.DbSetup\MyShop.ProductManagement.DbSetup.csproj", "{9361E4F5-2809-4FC8-88BE-A0DDA5B274C9}"
EndProject
Project("{2150E333-8FDC-42A3-9474-1A3956D46DE8}") = "Solution Items", "Solution Items", "{D0A1EC0E-54F2-4EC8-A2CC-6F2B79598A27}"
	ProjectSection(SolutionItems) = preProject
		Readme.md = Readme.md
	EndProjectSection
EndProject
Project("{FAE04EC0-301F-11D3-BF4B-00C04F79EFBC}") = "MyShop.ProductManagement.Core", "MyShop.ProductManagement.Core\MyShop.ProductManagement.Core.csproj", "{AABD67D5-ADA1-4D31-A8EA-EA72DCB8126D}"
EndProject
Project("{FAE04EC0-301F-11D3-BF4B-00C04F79EFBC}") = "MyShop.ProductManagement.DataAccess", "MyShop.ProductManagement.DataAccess\MyShop.ProductManagement.DataAccess.csproj", "{0A232828-6DFA-4D31-ABD7-675E43B97E64}"
EndProject
Project("{FAE04EC0-301F-11D3-BF4B-00C04F79EFBC}") = "MyShop.ProductManagement.Services", "MyShop.ProductManagement.Services\MyShop.ProductManagement.Services.csproj", "{99E5367E-E7BF-41A2-94D9-452E5F33F4A5}"
EndProject
Global
	GlobalSection(SolutionConfigurationPlatforms) = preSolution
		Debug|Any CPU = Debug|Any CPU
		Release|Any CPU = Release|Any CPU
	EndGlobalSection
	GlobalSection(ProjectConfigurationPlatforms) = postSolution
		{0FD4E7CC-6C90-4296-9C16-A5388B75A83A}.Debug|Any CPU.ActiveCfg = Debug|Any CPU
		{0FD4E7CC-6C90-4296-9C16-A5388B75A83A}.Debug|Any CPU.Build.0 = Debug|Any CPU
		{0FD4E7CC-6C90-4296-9C16-A5388B75A83A}.Release|Any CPU.ActiveCfg = Release|Any CPU
		{0FD4E7CC-6C90-4296-9C16-A5388B75A83A}.Release|Any CPU.Build.0 = Release|Any CPU
		{06517113-C4D5-4D2D-90A0-DEA987E47742}.Debug|Any CPU.ActiveCfg = Debug|Any CPU
		{06517113-C4D5-4D2D-90A0-DEA987E47742}.Debug|Any CPU.Build.0 = Debug|Any CPU
		{06517113-C4D5-4D2D-90A0-DEA987E47742}.Release|Any CPU.ActiveCfg = Release|Any CPU
		{06517113-C4D5-4D2D-90A0-DEA987E47742}.Release|Any CPU.Build.0 = Release|Any CPU
		{9361E4F5-2809-4FC8-88BE-A0DDA5B274C9}.Debug|Any CPU.ActiveCfg = Debug|Any CPU
		{9361E4F5-2809-4FC8-88BE-A0DDA5B274C9}.Debug|Any CPU.Build.0 = Debug|Any CPU
		{9361E4F5-2809-4FC8-88BE-A0DDA5B274C9}.Release|Any CPU.ActiveCfg = Release|Any CPU
		{9361E4F5-2809-4FC8-88BE-A0DDA5B274C9}.Release|Any CPU.Build.0 = Release|Any CPU
		{AABD67D5-ADA1-4D31-A8EA-EA72DCB8126D}.Debug|Any CPU.ActiveCfg = Debug|Any CPU
		{AABD67D5-ADA1-4D31-A8EA-EA72DCB8126D}.Debug|Any CPU.Build.0 = Debug|Any CPU
		{AABD67D5-ADA1-4D31-A8EA-EA72DCB8126D}.Release|Any CPU.ActiveCfg = Release|Any CPU
		{AABD67D5-ADA1-4D31-A8EA-EA72DCB8126D}.Release|Any CPU.Build.0 = Release|Any CPU
		{0A232828-6DFA-4D31-ABD7-675E43B97E64}.Debug|Any CPU.ActiveCfg = Debug|Any CPU
		{0A232828-6DFA-4D31-ABD7-675E43B97E64}.Debug|Any CPU.Build.0 = Debug|Any CPU
		{0A232828-6DFA-4D31-ABD7-675E43B97E64}.Release|Any CPU.ActiveCfg = Release|Any CPU
		{0A232828-6DFA-4D31-ABD7-675E43B97E64}.Release|Any CPU.Build.0 = Release|Any CPU
		{99E5367E-E7BF-41A2-94D9-452E5F33F4A5}.Debug|Any CPU.ActiveCfg = Debug|Any CPU
		{99E5367E-E7BF-41A2-94D9-452E5F33F4A5}.Debug|Any CPU.Build.0 = Debug|Any CPU
		{99E5367E-E7BF-41A2-94D9-452E5F33F4A5}.Release|Any CPU.ActiveCfg = Release|Any CPU
		{99E5367E-E7BF-41A2-94D9-452E5F33F4A5}.Release|Any CPU.Build.0 = Release|Any CPU
	EndGlobalSection
	GlobalSection(SolutionProperties) = preSolution
		HideSolutionNode = FALSE
	EndGlobalSection
	GlobalSection(ExtensibilityGlobals) = postSolution
		SolutionGuid = {7B6C03F0-816E-4DBD-B5D8-D76A66D732C7}
	EndGlobalSection
EndGlobal
